
Microsoft Visual Studio Solution File, Format Version 12.00
# Visual Studio 15
VisualStudioVersion = 15.0.28010.2003
MinimumVisualStudioVersion = 10.0.40219.1
Project("{9A19103F-16F7-4668-BE54-9A1E7A4F7556}") = "SharedTransitions", "SharedTransitions\SharedTransitions.csproj", "{447B5F11-2F97-4E1D-89FF-B8DC2889B81B}"
EndProject
Project("{FAE04EC0-301F-11D3-BF4B-00C04F79EFBC}") = "TransitionApp.Android", "Sample\TransitionApp\TransitionApp.Android\TransitionApp.Android.csproj", "{19B4F557-F61F-49FB-A2B7-99641FACEDEA}"
EndProject
Project("{FAE04EC0-301F-11D3-BF4B-00C04F79EFBC}") = "TransitionApp.iOS", "Sample\TransitionApp\TransitionApp.iOS\TransitionApp.iOS.csproj", "{2F009876-EC83-4B54-9042-250A6906D92D}"
EndProject
Project("{FAE04EC0-301F-11D3-BF4B-00C04F79EFBC}") = "TransitionApp", "Sample\TransitionApp\TransitionApp\TransitionApp.csproj", "{01CAEEFE-0821-426E-A198-0D94545D4027}"
EndProject
Project("{2150E333-8FDC-42A3-9474-1A3956D46DE8}") = "Sample", "Sample", "{99F3344F-C280-417E-8DE5-91FC0C5968D4}"
EndProject
Global
	GlobalSection(SolutionConfigurationPlatforms) = preSolution
		Ad-Hoc|Any CPU = Ad-Hoc|Any CPU
		Ad-Hoc|iPhone = Ad-Hoc|iPhone
		Ad-Hoc|iPhoneSimulator = Ad-Hoc|iPhoneSimulator
		AppStore|Any CPU = AppStore|Any CPU
		AppStore|iPhone = AppStore|iPhone
		AppStore|iPhoneSimulator = AppStore|iPhoneSimulator
		Debug|Any CPU = Debug|Any CPU
		Debug|iPhone = Debug|iPhone
		Debug|iPhoneSimulator = Debug|iPhoneSimulator
		Release|Any CPU = Release|Any CPU
		Release|iPhone = Release|iPhone
		Release|iPhoneSimulator = Release|iPhoneSimulator
	EndGlobalSection
	GlobalSection(ProjectConfigurationPlatforms) = postSolution
		{447B5F11-2F97-4E1D-89FF-B8DC2889B81B}.Ad-Hoc|Any CPU.ActiveCfg = Release|Any CPU
		{447B5F11-2F97-4E1D-89FF-B8DC2889B81B}.Ad-Hoc|Any CPU.Build.0 = Release|Any CPU
		{447B5F11-2F97-4E1D-89FF-B8DC2889B81B}.Ad-Hoc|iPhone.ActiveCfg = Release|Any CPU
		{447B5F11-2F97-4E1D-89FF-B8DC2889B81B}.Ad-Hoc|iPhone.Build.0 = Release|Any CPU
		{447B5F11-2F97-4E1D-89FF-B8DC2889B81B}.Ad-Hoc|iPhoneSimulator.ActiveCfg = Release|Any CPU
		{447B5F11-2F97-4E1D-89FF-B8DC2889B81B}.Ad-Hoc|iPhoneSimulator.Build.0 = Release|Any CPU
		{447B5F11-2F97-4E1D-89FF-B8DC2889B81B}.AppStore|Any CPU.ActiveCfg = Release|Any CPU
		{447B5F11-2F97-4E1D-89FF-B8DC2889B81B}.AppStore|Any CPU.Build.0 = Release|Any CPU
		{447B5F11-2F97-4E1D-89FF-B8DC2889B81B}.AppStore|iPhone.ActiveCfg = Release|Any CPU
		{447B5F11-2F97-4E1D-89FF-B8DC2889B81B}.AppStore|iPhone.Build.0 = Release|Any CPU
		{447B5F11-2F97-4E1D-89FF-B8DC2889B81B}.AppStore|iPhoneSimulator.ActiveCfg = Release|Any CPU
		{447B5F11-2F97-4E1D-89FF-B8DC2889B81B}.AppStore|iPhoneSimulator.Build.0 = Release|Any CPU
		{447B5F11-2F97-4E1D-89FF-B8DC2889B81B}.Debug|Any CPU.ActiveCfg = Debug|Any CPU
		{447B5F11-2F97-4E1D-89FF-B8DC2889B81B}.Debug|Any CPU.Build.0 = Debug|Any CPU
		{447B5F11-2F97-4E1D-89FF-B8DC2889B81B}.Debug|iPhone.ActiveCfg = Debug|Any CPU
		{447B5F11-2F97-4E1D-89FF-B8DC2889B81B}.Debug|iPhone.Build.0 = Debug|Any CPU
		{447B5F11-2F97-4E1D-89FF-B8DC2889B81B}.Debug|iPhoneSimulator.ActiveCfg = Debug|Any CPU
		{447B5F11-2F97-4E1D-89FF-B8DC2889B81B}.Debug|iPhoneSimulator.Build.0 = Debug|Any CPU
		{447B5F11-2F97-4E1D-89FF-B8DC2889B81B}.Release|Any CPU.ActiveCfg = Release|Any CPU
		{447B5F11-2F97-4E1D-89FF-B8DC2889B81B}.Release|Any CPU.Build.0 = Release|Any CPU
		{447B5F11-2F97-4E1D-89FF-B8DC2889B81B}.Release|iPhone.ActiveCfg = Release|Any CPU
		{447B5F11-2F97-4E1D-89FF-B8DC2889B81B}.Release|iPhone.Build.0 = Release|Any CPU
		{447B5F11-2F97-4E1D-89FF-B8DC2889B81B}.Release|iPhoneSimulator.ActiveCfg = Release|Any CPU
		{447B5F11-2F97-4E1D-89FF-B8DC2889B81B}.Release|iPhoneSimulator.Build.0 = Release|Any CPU
		{19B4F557-F61F-49FB-A2B7-99641FACEDEA}.Ad-Hoc|Any CPU.ActiveCfg = Release|Any CPU
		{19B4F557-F61F-49FB-A2B7-99641FACEDEA}.Ad-Hoc|Any CPU.Build.0 = Release|Any CPU
		{19B4F557-F61F-49FB-A2B7-99641FACEDEA}.Ad-Hoc|Any CPU.Deploy.0 = Release|Any CPU
		{19B4F557-F61F-49FB-A2B7-99641FACEDEA}.Ad-Hoc|iPhone.ActiveCfg = Release|Any CPU
		{19B4F557-F61F-49FB-A2B7-99641FACEDEA}.Ad-Hoc|iPhone.Build.0 = Release|Any CPU
		{19B4F557-F61F-49FB-A2B7-99641FACEDEA}.Ad-Hoc|iPhone.Deploy.0 = Release|Any CPU
		{19B4F557-F61F-49FB-A2B7-99641FACEDEA}.Ad-Hoc|iPhoneSimulator.ActiveCfg = Release|Any CPU
		{19B4F557-F61F-49FB-A2B7-99641FACEDEA}.Ad-Hoc|iPhoneSimulator.Build.0 = Release|Any CPU
		{19B4F557-F61F-49FB-A2B7-99641FACEDEA}.Ad-Hoc|iPhoneSimulator.Deploy.0 = Release|Any CPU
		{19B4F557-F61F-49FB-A2B7-99641FACEDEA}.AppStore|Any CPU.ActiveCfg = Release|Any CPU
		{19B4F557-F61F-49FB-A2B7-99641FACEDEA}.AppStore|Any CPU.Build.0 = Release|Any CPU
		{19B4F557-F61F-49FB-A2B7-99641FACEDEA}.AppStore|Any CPU.Deploy.0 = Release|Any CPU
		{19B4F557-F61F-49FB-A2B7-99641FACEDEA}.AppStore|iPhone.ActiveCfg = Release|Any CPU
		{19B4F557-F61F-49FB-A2B7-99641FACEDEA}.AppStore|iPhone.Build.0 = Release|Any CPU
		{19B4F557-F61F-49FB-A2B7-99641FACEDEA}.AppStore|iPhone.Deploy.0 = Release|Any CPU
		{19B4F557-F61F-49FB-A2B7-99641FACEDEA}.AppStore|iPhoneSimulator.ActiveCfg = Release|Any CPU
		{19B4F557-F61F-49FB-A2B7-99641FACEDEA}.AppStore|iPhoneSimulator.Build.0 = Release|Any CPU
		{19B4F557-F61F-49FB-A2B7-99641FACEDEA}.AppStore|iPhoneSimulator.Deploy.0 = Release|Any CPU
		{19B4F557-F61F-49FB-A2B7-99641FACEDEA}.Debug|Any CPU.ActiveCfg = Debug|Any CPU
		{19B4F557-F61F-49FB-A2B7-99641FACEDEA}.Debug|Any CPU.Build.0 = Debug|Any CPU
		{19B4F557-F61F-49FB-A2B7-99641FACEDEA}.Debug|Any CPU.Deploy.0 = Debug|Any CPU
		{19B4F557-F61F-49FB-A2B7-99641FACEDEA}.Debug|iPhone.ActiveCfg = Debug|Any CPU
		{19B4F557-F61F-49FB-A2B7-99641FACEDEA}.Debug|iPhone.Build.0 = Debug|Any CPU
		{19B4F557-F61F-49FB-A2B7-99641FACEDEA}.Debug|iPhone.Deploy.0 = Debug|Any CPU
		{19B4F557-F61F-49FB-A2B7-99641FACEDEA}.Debug|iPhoneSimulator.ActiveCfg = Debug|Any CPU
		{19B4F557-F61F-49FB-A2B7-99641FACEDEA}.Debug|iPhoneSimulator.Build.0 = Debug|Any CPU
		{19B4F557-F61F-49FB-A2B7-99641FACEDEA}.Debug|iPhoneSimulator.Deploy.0 = Debug|Any CPU
		{19B4F557-F61F-49FB-A2B7-99641FACEDEA}.Release|Any CPU.ActiveCfg = Release|Any CPU
		{19B4F557-F61F-49FB-A2B7-99641FACEDEA}.Release|Any CPU.Build.0 = Release|Any CPU
		{19B4F557-F61F-49FB-A2B7-99641FACEDEA}.Release|Any CPU.Deploy.0 = Release|Any CPU
		{19B4F557-F61F-49FB-A2B7-99641FACEDEA}.Release|iPhone.ActiveCfg = Release|Any CPU
		{19B4F557-F61F-49FB-A2B7-99641FACEDEA}.Release|iPhone.Build.0 = Release|Any CPU
		{19B4F557-F61F-49FB-A2B7-99641FACEDEA}.Release|iPhone.Deploy.0 = Release|Any CPU
		{19B4F557-F61F-49FB-A2B7-99641FACEDEA}.Release|iPhoneSimulator.ActiveCfg = Release|Any CPU
		{19B4F557-F61F-49FB-A2B7-99641FACEDEA}.Release|iPhoneSimulator.Build.0 = Release|Any CPU
		{19B4F557-F61F-49FB-A2B7-99641FACEDEA}.Release|iPhoneSimulator.Deploy.0 = Release|Any CPU
		{2F009876-EC83-4B54-9042-250A6906D92D}.Ad-Hoc|Any CPU.ActiveCfg = Ad-Hoc|iPhone
		{2F009876-EC83-4B54-9042-250A6906D92D}.Ad-Hoc|iPhone.ActiveCfg = Ad-Hoc|iPhone
		{2F009876-EC83-4B54-9042-250A6906D92D}.Ad-Hoc|iPhone.Build.0 = Ad-Hoc|iPhone
		{2F009876-EC83-4B54-9042-250A6906D92D}.Ad-Hoc|iPhoneSimulator.ActiveCfg = Ad-Hoc|iPhoneSimulator
		{2F009876-EC83-4B54-9042-250A6906D92D}.Ad-Hoc|iPhoneSimulator.Build.0 = Ad-Hoc|iPhoneSimulator
		{2F009876-EC83-4B54-9042-250A6906D92D}.AppStore|Any CPU.ActiveCfg = AppStore|iPhone
		{2F009876-EC83-4B54-9042-250A6906D92D}.AppStore|iPhone.ActiveCfg = AppStore|iPhone
		{2F009876-EC83-4B54-9042-250A6906D92D}.AppStore|iPhone.Build.0 = AppStore|iPhone
		{2F009876-EC83-4B54-9042-250A6906D92D}.AppStore|iPhoneSimulator.ActiveCfg = AppStore|iPhoneSimulator
		{2F009876-EC83-4B54-9042-250A6906D92D}.AppStore|iPhoneSimulator.Build.0 = AppStore|iPhoneSimulator
		{2F009876-EC83-4B54-9042-250A6906D92D}.Debug|Any CPU.ActiveCfg = Debug|iPhone
		{2F009876-EC83-4B54-9042-250A6906D92D}.Debug|iPhone.ActiveCfg = Debug|iPhone
		{2F009876-EC83-4B54-9042-250A6906D92D}.Debug|iPhone.Build.0 = Debug|iPhone
		{2F009876-EC83-4B54-9042-250A6906D92D}.Debug|iPhoneSimulator.ActiveCfg = Debug|iPhoneSimulator
		{2F009876-EC83-4B54-9042-250A6906D92D}.Debug|iPhoneSimulator.Build.0 = Debug|iPhoneSimulator
		{2F009876-EC83-4B54-9042-250A6906D92D}.Release|Any CPU.ActiveCfg = Release|iPhone
		{2F009876-EC83-4B54-9042-250A6906D92D}.Release|iPhone.ActiveCfg = Release|iPhone
		{2F009876-EC83-4B54-9042-250A6906D92D}.Release|iPhone.Build.0 = Release|iPhone
		{2F009876-EC83-4B54-9042-250A6906D92D}.Release|iPhoneSimulator.ActiveCfg = Release|iPhoneSimulator
		{2F009876-EC83-4B54-9042-250A6906D92D}.Release|iPhoneSimulator.Build.0 = Release|iPhoneSimulator
		{01CAEEFE-0821-426E-A198-0D94545D4027}.Ad-Hoc|Any CPU.ActiveCfg = Debug|Any CPU
		{01CAEEFE-0821-426E-A198-0D94545D4027}.Ad-Hoc|Any CPU.Build.0 = Debug|Any CPU
		{01CAEEFE-0821-426E-A198-0D94545D4027}.Ad-Hoc|iPhone.ActiveCfg = Debug|Any CPU
		{01CAEEFE-0821-426E-A198-0D94545D4027}.Ad-Hoc|iPhone.Build.0 = Debug|Any CPU
		{01CAEEFE-0821-426E-A198-0D94545D4027}.Ad-Hoc|iPhoneSimulator.ActiveCfg = Debug|Any CPU
		{01CAEEFE-0821-426E-A198-0D94545D4027}.Ad-Hoc|iPhoneSimulator.Build.0 = Debug|Any CPU
		{01CAEEFE-0821-426E-A198-0D94545D4027}.AppStore|Any CPU.ActiveCfg = Debug|Any CPU
		{01CAEEFE-0821-426E-A198-0D94545D4027}.AppStore|Any CPU.Build.0 = Debug|Any CPU
		{01CAEEFE-0821-426E-A198-0D94545D4027}.AppStore|iPhone.ActiveCfg = Debug|Any CPU
		{01CAEEFE-0821-426E-A198-0D94545D4027}.AppStore|iPhone.Build.0 = Debug|Any CPU
		{01CAEEFE-0821-426E-A198-0D94545D4027}.AppStore|iPhoneSimulator.ActiveCfg = Debug|Any CPU
		{01CAEEFE-0821-426E-A198-0D94545D4027}.AppStore|iPhoneSimulator.Build.0 = Debug|Any CPU
		{01CAEEFE-0821-426E-A198-0D94545D4027}.Debug|Any CPU.ActiveCfg = Debug|Any CPU
		{01CAEEFE-0821-426E-A198-0D94545D4027}.Debug|Any CPU.Build.0 = Debug|Any CPU
		{01CAEEFE-0821-426E-A198-0D94545D4027}.Debug|iPhone.ActiveCfg = Debug|Any CPU
		{01CAEEFE-0821-426E-A198-0D94545D4027}.Debug|iPhone.Build.0 = Debug|Any CPU
		{01CAEEFE-0821-426E-A198-0D94545D4027}.Debug|iPhoneSimulator.ActiveCfg = Debug|Any CPU
		{01CAEEFE-0821-426E-A198-0D94545D4027}.Debug|iPhoneSimulator.Build.0 = Debug|Any CPU
		{01CAEEFE-0821-426E-A198-0D94545D4027}.Release|Any CPU.ActiveCfg = Release|Any CPU
		{01CAEEFE-0821-426E-A198-0D94545D4027}.Release|Any CPU.Build.0 = Release|Any CPU
		{01CAEEFE-0821-426E-A198-0D94545D4027}.Release|iPhone.ActiveCfg = Release|Any CPU
		{01CAEEFE-0821-426E-A198-0D94545D4027}.Release|iPhone.Build.0 = Release|Any CPU
		{01CAEEFE-0821-426E-A198-0D94545D4027}.Release|iPhoneSimulator.ActiveCfg = Release|Any CPU
		{01CAEEFE-0821-426E-A198-0D94545D4027}.Release|iPhoneSimulator.Build.0 = Release|Any CPU
	EndGlobalSection
	GlobalSection(SolutionProperties) = preSolution
		HideSolutionNode = FALSE
	EndGlobalSection
	GlobalSection(NestedProjects) = preSolution
		{19B4F557-F61F-49FB-A2B7-99641FACEDEA} = {99F3344F-C280-417E-8DE5-91FC0C5968D4}
		{2F009876-EC83-4B54-9042-250A6906D92D} = {99F3344F-C280-417E-8DE5-91FC0C5968D4}
		{01CAEEFE-0821-426E-A198-0D94545D4027} = {99F3344F-C280-417E-8DE5-91FC0C5968D4}
	EndGlobalSection
	GlobalSection(ExtensibilityGlobals) = postSolution
		SolutionGuid = {5372EA52-E688-4540-8FC5-33858B9AEC30}
	EndGlobalSection
EndGlobal
